// !$*UTF8*$!
{
	archiveVersion = 1;
	classes = {
	};
	objectVersion = 77;
	objects = {

/* Begin PBXContainerItemProxy section */
		9CB74A182CC525EE0014F958 /* PBXContainerItemProxy */ = {
			isa = PBXContainerItemProxy;
			containerPortal = 9CB749FE2CC525ED0014F958 /* Project object */;
			proxyType = 1;
			remoteGlobalIDString = 9CB74A052CC525ED0014F958;
			remoteInfo = "Orion-Demo";
		};
		9CB74A222CC525EE0014F958 /* PBXContainerItemProxy */ = {
			isa = PBXContainerItemProxy;
			containerPortal = 9CB749FE2CC525ED0014F958 /* Project object */;
			proxyType = 1;
			remoteGlobalIDString = 9CB74A052CC525ED0014F958;
			remoteInfo = "Orion-Demo";
		};
/* End PBXContainerItemProxy section */

/* Begin PBXFileReference section */
		9CB74A062CC525ED0014F958 /* Orion-Demo.app */ = {isa = PBXFileReference; explicitFileType = wrapper.application; includeInIndex = 0; path = "Orion-Demo.app"; sourceTree = BUILT_PRODUCTS_DIR; };
		9CB74A172CC525EE0014F958 /* Orion-DemoTests.xctest */ = {isa = PBXFileReference; explicitFileType = wrapper.cfbundle; includeInIndex = 0; path = "Orion-DemoTests.xctest"; sourceTree = BUILT_PRODUCTS_DIR; };
		9CB74A212CC525EE0014F958 /* Orion-DemoUITests.xctest */ = {isa = PBXFileReference; explicitFileType = wrapper.cfbundle; includeInIndex = 0; path = "Orion-DemoUITests.xctest"; sourceTree = BUILT_PRODUCTS_DIR; };
/* End PBXFileReference section */

/* Begin PBXFileSystemSynchronizedBuildFileExceptionSet section */
		9C60143C2CC545C900550779 /* Exceptions for "Orion-Demo" folder in "Orion-Demo" target */ = {
			isa = PBXFileSystemSynchronizedBuildFileExceptionSet;
			membershipExceptions = (
				Info.plist,
			);
			target = 9CB74A052CC525ED0014F958 /* Orion-Demo */;
		};
/* End PBXFileSystemSynchronizedBuildFileExceptionSet section */

/* Begin PBXFileSystemSynchronizedRootGroup section */
		9CB74A082CC525ED0014F958 /* Orion-Demo */ = {
			isa = PBXFileSystemSynchronizedRootGroup;
			exceptions = (
				9C60143C2CC545C900550779 /* Exceptions for "Orion-Demo" folder in "Orion-Demo" target */,
			);
			path = "Orion-Demo";
			sourceTree = "<group>";
		};
		9CB74A1A2CC525EE0014F958 /* Orion-DemoTests */ = {
			isa = PBXFileSystemSynchronizedRootGroup;
			path = "Orion-DemoTests";
			sourceTree = "<group>";
		};
		9CB74A242CC525EE0014F958 /* Orion-DemoUITests */ = {
			isa = PBXFileSystemSynchronizedRootGroup;
			path = "Orion-DemoUITests";
			sourceTree = "<group>";
		};
/* End PBXFileSystemSynchronizedRootGroup section */

/* Begin PBXFrameworksBuildPhase section */
		9CB74A032CC525ED0014F958 /* Frameworks */ = {
			isa = PBXFrameworksBuildPhase;
			buildActionMask = 2147483647;
			files = (
			);
			runOnlyForDeploymentPostprocessing = 0;
		};
		9CB74A142CC525EE0014F958 /* Frameworks */ = {
			isa = PBXFrameworksBuildPhase;
			buildActionMask = 2147483647;
			files = (
			);
			runOnlyForDeploymentPostprocessing = 0;
		};
		9CB74A1E2CC525EE0014F958 /* Frameworks */ = {
			isa = PBXFrameworksBuildPhase;
			buildActionMask = 2147483647;
			files = (
			);
			runOnlyForDeploymentPostprocessing = 0;
		};
/* End PBXFrameworksBuildPhase section */

/* Begin PBXGroup section */
		9CB749FD2CC525ED0014F958 = {
			isa = PBXGroup;
			children = (
				9CB74A082CC525ED0014F958 /* Orion-Demo */,
				9CB74A1A2CC525EE0014F958 /* Orion-DemoTests */,
				9CB74A242CC525EE0014F958 /* Orion-DemoUITests */,
				9CB74A072CC525ED0014F958 /* Products */,
			);
			sourceTree = "<group>";
		};
		9CB74A072CC525ED0014F958 /* Products */ = {
			isa = PBXGroup;
			children = (
				9CB74A062CC525ED0014F958 /* Orion-Demo.app */,
				9CB74A172CC525EE0014F958 /* Orion-DemoTests.xctest */,
				9CB74A212CC525EE0014F958 /* Orion-DemoUITests.xctest */,
			);
			name = Products;
			sourceTree = "<group>";
		};
/* End PBXGroup section */

/* Begin PBXNativeTarget section */
		9CB74A052CC525ED0014F958 /* Orion-Demo */ = {
			isa = PBXNativeTarget;
			buildConfigurationList = 9CB74A2B2CC525EE0014F958 /* Build configuration list for PBXNativeTarget "Orion-Demo" */;
			buildPhases = (
				9CB74A022CC525ED0014F958 /* Sources */,
				9CB74A032CC525ED0014F958 /* Frameworks */,
				9CB74A042CC525ED0014F958 /* Resources */,
			);
			buildRules = (
			);
			dependencies = (
			);
			fileSystemSynchronizedGroups = (
				9CB74A082CC525ED0014F958 /* Orion-Demo */,
			);
			name = "Orion-Demo";
			packageProductDependencies = (
			);
			productName = "Orion-Demo";
			productReference = 9CB74A062CC525ED0014F958 /* Orion-Demo.app */;
			productType = "com.apple.product-type.application";
		};
		9CB74A162CC525EE0014F958 /* Orion-DemoTests */ = {
			isa = PBXNativeTarget;
			buildConfigurationList = 9CB74A2E2CC525EE0014F958 /* Build configuration list for PBXNativeTarget "Orion-DemoTests" */;
			buildPhases = (
				9CB74A132CC525EE0014F958 /* Sources */,
				9CB74A142CC525EE0014F958 /* Frameworks */,
				9CB74A152CC525EE0014F958 /* Resources */,
			);
			buildRules = (
			);
			dependencies = (
				9CB74A192CC525EE0014F958 /* PBXTargetDependency */,
			);
			fileSystemSynchronizedGroups = (
				9CB74A1A2CC525EE0014F958 /* Orion-DemoTests */,
			);
			name = "Orion-DemoTests";
			packageProductDependencies = (
			);
			productName = "Orion-DemoTests";
			productReference = 9CB74A172CC525EE0014F958 /* Orion-DemoTests.xctest */;
			productType = "com.apple.product-type.bundle.unit-test";
		};
		9CB74A202CC525EE0014F958 /* Orion-DemoUITests */ = {
			isa = PBXNativeTarget;
			buildConfigurationList = 9CB74A312CC525EE0014F958 /* Build configuration list for PBXNativeTarget "Orion-DemoUITests" */;
			buildPhases = (
				9CB74A1D2CC525EE0014F958 /* Sources */,
				9CB74A1E2CC525EE0014F958 /* Frameworks */,
				9CB74A1F2CC525EE0014F958 /* Resources */,
			);
			buildRules = (
			);
			dependencies = (
				9CB74A232CC525EE0014F958 /* PBXTargetDependency */,
			);
			fileSystemSynchronizedGroups = (
				9CB74A242CC525EE0014F958 /* Orion-DemoUITests */,
			);
			name = "Orion-DemoUITests";
			packageProductDependencies = (
			);
			productName = "Orion-DemoUITests";
			productReference = 9CB74A212CC525EE0014F958 /* Orion-DemoUITests.xctest */;
			productType = "com.apple.product-type.bundle.ui-testing";
		};
/* End PBXNativeTarget section */

/* Begin PBXProject section */
		9CB749FE2CC525ED0014F958 /* Project object */ = {
			isa = PBXProject;
			attributes = {
				BuildIndependentTargetsInParallel = 1;
				LastSwiftUpdateCheck = 1600;
				LastUpgradeCheck = 1610;
				TargetAttributes = {
					9CB74A052CC525ED0014F958 = {
						CreatedOnToolsVersion = 16.0;
					};
					9CB74A162CC525EE0014F958 = {
						CreatedOnToolsVersion = 16.0;
						TestTargetID = 9CB74A052CC525ED0014F958;
					};
					9CB74A202CC525EE0014F958 = {
						CreatedOnToolsVersion = 16.0;
						TestTargetID = 9CB74A052CC525ED0014F958;
					};
				};
			};
			buildConfigurationList = 9CB74A012CC525ED0014F958 /* Build configuration list for PBXProject "Orion-Demo" */;
			developmentRegion = en;
			hasScannedForEncodings = 0;
			knownRegions = (
				en,
				Base,
			);
			mainGroup = 9CB749FD2CC525ED0014F958;
			minimizedProjectReferenceProxies = 1;
			preferredProjectObjectVersion = 77;
			productRefGroup = 9CB74A072CC525ED0014F958 /* Products */;
			projectDirPath = "";
			projectRoot = "";
			targets = (
				9CB74A052CC525ED0014F958 /* Orion-Demo */,
				9CB74A162CC525EE0014F958 /* Orion-DemoTests */,
				9CB74A202CC525EE0014F958 /* Orion-DemoUITests */,
			);
		};
/* End PBXProject section */

/* Begin PBXResourcesBuildPhase section */
		9CB74A042CC525ED0014F958 /* Resources */ = {
			isa = PBXResourcesBuildPhase;
			buildActionMask = 2147483647;
			files = (
			);
			runOnlyForDeploymentPostprocessing = 0;
		};
		9CB74A152CC525EE0014F958 /* Resources */ = {
			isa = PBXResourcesBuildPhase;
			buildActionMask = 2147483647;
			files = (
			);
			runOnlyForDeploymentPostprocessing = 0;
		};
		9CB74A1F2CC525EE0014F958 /* Resources */ = {
			isa = PBXResourcesBuildPhase;
			buildActionMask = 2147483647;
			files = (
			);
			runOnlyForDeploymentPostprocessing = 0;
		};
/* End PBXResourcesBuildPhase section */

/* Begin PBXSourcesBuildPhase section */
		9CB74A022CC525ED0014F958 /* Sources */ = {
			isa = PBXSourcesBuildPhase;
			buildActionMask = 2147483647;
			files = (
			);
			runOnlyForDeploymentPostprocessing = 0;
		};
		9CB74A132CC525EE0014F958 /* Sources */ = {
			isa = PBXSourcesBuildPhase;
			buildActionMask = 2147483647;
			files = (
			);
			runOnlyForDeploymentPostprocessing = 0;
		};
		9CB74A1D2CC525EE0014F958 /* Sources */ = {
			isa = PBXSourcesBuildPhase;
			buildActionMask = 2147483647;
			files = (
			);
			runOnlyForDeploymentPostprocessing = 0;
		};
/* End PBXSourcesBuildPhase section */

/* Begin PBXTargetDependency section */
		9CB74A192CC525EE0014F958 /* PBXTargetDependency */ = {
			isa = PBXTargetDependency;
			target = 9CB74A052CC525ED0014F958 /* Orion-Demo */;
			targetProxy = 9CB74A182CC525EE0014F958 /* PBXContainerItemProxy */;
		};
		9CB74A232CC525EE0014F958 /* PBXTargetDependency */ = {
			isa = PBXTargetDependency;
			target = 9CB74A052CC525ED0014F958 /* Orion-Demo */;
			targetProxy = 9CB74A222CC525EE0014F958 /* PBXContainerItemProxy */;
		};
/* End PBXTargetDependency section */

/* Begin XCBuildConfiguration section */
		9CB74A292CC525EE0014F958 /* Debug */ = {
			isa = XCBuildConfiguration;
			buildSettings = {
				ALWAYS_SEARCH_USER_PATHS = NO;
				ASSETCATALOG_COMPILER_GENERATE_SWIFT_ASSET_SYMBOL_EXTENSIONS = YES;
				CLANG_ANALYZER_NONNULL = YES;
				CLANG_ANALYZER_NUMBER_OBJECT_CONVERSION = YES_AGGRESSIVE;
				CLANG_CXX_LANGUAGE_STANDARD = "gnu++20";
				CLANG_ENABLE_MODULES = YES;
				CLANG_ENABLE_OBJC_ARC = YES;
				CLANG_ENABLE_OBJC_WEAK = YES;
				CLANG_WARN_BLOCK_CAPTURE_AUTORELEASING = YES;
				CLANG_WARN_BOOL_CONVERSION = YES;
				CLANG_WARN_COMMA = YES;
				CLANG_WARN_CONSTANT_CONVERSION = YES;
				CLANG_WARN_DEPRECATED_OBJC_IMPLEMENTATIONS = YES;
				CLANG_WARN_DIRECT_OBJC_ISA_USAGE = YES_ERROR;
				CLANG_WARN_DOCUMENTATION_COMMENTS = YES;
				CLANG_WARN_EMPTY_BODY = YES;
				CLANG_WARN_ENUM_CONVERSION = YES;
				CLANG_WARN_INFINITE_RECURSION = YES;
				CLANG_WARN_INT_CONVERSION = YES;
				CLANG_WARN_NON_LITERAL_NULL_CONVERSION = YES;
				CLANG_WARN_OBJC_IMPLICIT_RETAIN_SELF = YES;
				CLANG_WARN_OBJC_LITERAL_CONVERSION = YES;
				CLANG_WARN_OBJC_ROOT_CLASS = YES_ERROR;
				CLANG_WARN_QUOTED_INCLUDE_IN_FRAMEWORK_HEADER = YES;
				CLANG_WARN_RANGE_LOOP_ANALYSIS = YES;
				CLANG_WARN_STRICT_PROTOTYPES = YES;
				CLANG_WARN_SUSPICIOUS_MOVE = YES;
				CLANG_WARN_UNGUARDED_AVAILABILITY = YES_AGGRESSIVE;
				CLANG_WARN_UNREACHABLE_CODE = YES;
				CLANG_WARN__DUPLICATE_METHOD_MATCH = YES;
				COPY_PHASE_STRIP = NO;
				DEAD_CODE_STRIPPING = YES;
				DEBUG_INFORMATION_FORMAT = dwarf;
				ENABLE_STRICT_OBJC_MSGSEND = YES;
				ENABLE_TESTABILITY = YES;
				ENABLE_USER_SCRIPT_SANDBOXING = YES;
				GCC_C_LANGUAGE_STANDARD = gnu17;
				GCC_DYNAMIC_NO_PIC = NO;
				GCC_NO_COMMON_BLOCKS = YES;
				GCC_OPTIMIZATION_LEVEL = 0;
				GCC_PREPROCESSOR_DEFINITIONS = (
					"DEBUG=1",
					"$(inherited)",
				);
				GCC_WARN_64_TO_32_BIT_CONVERSION = YES;
				GCC_WARN_ABOUT_RETURN_TYPE = YES_ERROR;
				GCC_WARN_UNDECLARED_SELECTOR = YES;
				GCC_WARN_UNINITIALIZED_AUTOS = YES_AGGRESSIVE;
				GCC_WARN_UNUSED_FUNCTION = YES;
				GCC_WARN_UNUSED_VARIABLE = YES;
				LOCALIZATION_PREFERS_STRING_CATALOGS = YES;
				MACOSX_DEPLOYMENT_TARGET = 15.0;
				MTL_ENABLE_DEBUG_INFO = INCLUDE_SOURCE;
				MTL_FAST_MATH = YES;
				ONLY_ACTIVE_ARCH = YES;
				SDKROOT = macosx;
				SWIFT_ACTIVE_COMPILATION_CONDITIONS = "DEBUG $(inherited)";
				SWIFT_OPTIMIZATION_LEVEL = "-Onone";
			};
			name = Debug;
		};
		9CB74A2A2CC525EE0014F958 /* Release */ = {
			isa = XCBuildConfiguration;
			buildSettings = {
				ALWAYS_SEARCH_USER_PATHS = NO;
				ASSETCATALOG_COMPILER_GENERATE_SWIFT_ASSET_SYMBOL_EXTENSIONS = YES;
				CLANG_ANALYZER_NONNULL = YES;
				CLANG_ANALYZER_NUMBER_OBJECT_CONVERSION = YES_AGGRESSIVE;
				CLANG_CXX_LANGUAGE_STANDARD = "gnu++20";
				CLANG_ENABLE_MODULES = YES;
				CLANG_ENABLE_OBJC_ARC = YES;
				CLANG_ENABLE_OBJC_WEAK = YES;
				CLANG_WARN_BLOCK_CAPTURE_AUTORELEASING = YES;
				CLANG_WARN_BOOL_CONVERSION = YES;
				CLANG_WARN_COMMA = YES;
				CLANG_WARN_CONSTANT_CONVERSION = YES;
				CLANG_WARN_DEPRECATED_OBJC_IMPLEMENTATIONS = YES;
				CLANG_WARN_DIRECT_OBJC_ISA_USAGE = YES_ERROR;
				CLANG_WARN_DOCUMENTATION_COMMENTS = YES;
				CLANG_WARN_EMPTY_BODY = YES;
				CLANG_WARN_ENUM_CONVERSION = YES;
				CLANG_WARN_INFINITE_RECURSION = YES;
				CLANG_WARN_INT_CONVERSION = YES;
				CLANG_WARN_NON_LITERAL_NULL_CONVERSION = YES;
				CLANG_WARN_OBJC_IMPLICIT_RETAIN_SELF = YES;
				CLANG_WARN_OBJC_LITERAL_CONVERSION = YES;
				CLANG_WARN_OBJC_ROOT_CLASS = YES_ERROR;
				CLANG_WARN_QUOTED_INCLUDE_IN_FRAMEWORK_HEADER = YES;
				CLANG_WARN_RANGE_LOOP_ANALYSIS = YES;
				CLANG_WARN_STRICT_PROTOTYPES = YES;
				CLANG_WARN_SUSPICIOUS_MOVE = YES;
				CLANG_WARN_UNGUARDED_AVAILABILITY = YES_AGGRESSIVE;
				CLANG_WARN_UNREACHABLE_CODE = YES;
				CLANG_WARN__DUPLICATE_METHOD_MATCH = YES;
				COPY_PHASE_STRIP = NO;
				DEAD_CODE_STRIPPING = YES;
				DEBUG_INFORMATION_FORMAT = "dwarf-with-dsym";
				ENABLE_NS_ASSERTIONS = NO;
				ENABLE_STRICT_OBJC_MSGSEND = YES;
				ENABLE_USER_SCRIPT_SANDBOXING = YES;
				GCC_C_LANGUAGE_STANDARD = gnu17;
				GCC_NO_COMMON_BLOCKS = YES;
				GCC_WARN_64_TO_32_BIT_CONVERSION = YES;
				GCC_WARN_ABOUT_RETURN_TYPE = YES_ERROR;
				GCC_WARN_UNDECLARED_SELECTOR = YES;
				GCC_WARN_UNINITIALIZED_AUTOS = YES_AGGRESSIVE;
				GCC_WARN_UNUSED_FUNCTION = YES;
				GCC_WARN_UNUSED_VARIABLE = YES;
				LOCALIZATION_PREFERS_STRING_CATALOGS = YES;
				MACOSX_DEPLOYMENT_TARGET = 15.0;
				MTL_ENABLE_DEBUG_INFO = NO;
				MTL_FAST_MATH = YES;
				SDKROOT = macosx;
				SWIFT_COMPILATION_MODE = wholemodule;
			};
			name = Release;
		};
		9CB74A2C2CC525EE0014F958 /* Debug */ = {
			isa = XCBuildConfiguration;
			buildSettings = {
				ASSETCATALOG_COMPILER_APPICON_NAME = AppIcon;
				ASSETCATALOG_COMPILER_GLOBAL_ACCENT_COLOR_NAME = AccentColor;
				CODE_SIGN_ENTITLEMENTS = "Orion-Demo/Orion_Demo.entitlements";
				CODE_SIGN_STYLE = Automatic;
				COMBINE_HIDPI_IMAGES = YES;
				CURRENT_PROJECT_VERSION = 1;
				DEAD_CODE_STRIPPING = YES;
				DEVELOPMENT_TEAM = Z5MKQX2NCZ;
				ENABLE_HARDENED_RUNTIME = YES;
				GENERATE_INFOPLIST_FILE = YES;
				INFOPLIST_FILE = "Orion-Demo/Info.plist";
				INFOPLIST_KEY_NSHumanReadableCopyright = "";
				INFOPLIST_KEY_NSMainStoryboardFile = Main;
				INFOPLIST_KEY_NSPrincipalClass = NSApplication;
				LD_RUNPATH_SEARCH_PATHS = (
					"$(inherited)",
					"@executable_path/../Frameworks",
				);
				MACOSX_DEPLOYMENT_TARGET = 11.5;
				MARKETING_VERSION = 1.0;
				PRODUCT_BUNDLE_IDENTIFIER = "io.unobserved.Orion-Demo";
				PRODUCT_NAME = "$(TARGET_NAME)";
				SWIFT_EMIT_LOC_STRINGS = YES;
				SWIFT_VERSION = 5.0;
			};
			name = Debug;
		};
		9CB74A2D2CC525EE0014F958 /* Release */ = {
			isa = XCBuildConfiguration;
			buildSettings = {
				ASSETCATALOG_COMPILER_APPICON_NAME = AppIcon;
				ASSETCATALOG_COMPILER_GLOBAL_ACCENT_COLOR_NAME = AccentColor;
				CODE_SIGN_ENTITLEMENTS = "Orion-Demo/Orion_Demo.entitlements";
				CODE_SIGN_STYLE = Automatic;
				COMBINE_HIDPI_IMAGES = YES;
				CURRENT_PROJECT_VERSION = 1;
				DEAD_CODE_STRIPPING = YES;
				DEVELOPMENT_TEAM = Z5MKQX2NCZ;
				ENABLE_HARDENED_RUNTIME = YES;
				GENERATE_INFOPLIST_FILE = YES;
				INFOPLIST_FILE = "Orion-Demo/Info.plist";
				INFOPLIST_KEY_NSHumanReadableCopyright = "";
				INFOPLIST_KEY_NSMainStoryboardFile = Main;
				INFOPLIST_KEY_NSPrincipalClass = NSApplication;
				LD_RUNPATH_SEARCH_PATHS = (
					"$(inherited)",
					"@executable_path/../Frameworks",
				);
				MACOSX_DEPLOYMENT_TARGET = 11.5;
				MARKETING_VERSION = 1.0;
				PRODUCT_BUNDLE_IDENTIFIER = "io.unobserved.Orion-Demo";
				PRODUCT_NAME = "$(TARGET_NAME)";
				SWIFT_EMIT_LOC_STRINGS = YES;
				SWIFT_VERSION = 5.0;
			};
			name = Release;
		};
		9CB74A2F2CC525EE0014F958 /* Debug */ = {
			isa = XCBuildConfiguration;
			buildSettings = {
				BUNDLE_LOADER = "$(TEST_HOST)";
				CODE_SIGN_STYLE = Automatic;
				CURRENT_PROJECT_VERSION = 1;
				DEAD_CODE_STRIPPING = YES;
				DEVELOPMENT_TEAM = Z5MKQX2NCZ;
				GENERATE_INFOPLIST_FILE = YES;
				MACOSX_DEPLOYMENT_TARGET = 15.0;
				MARKETING_VERSION = 1.0;
				PRODUCT_BUNDLE_IDENTIFIER = "io.unobserved.Orion-DemoTests";
				PRODUCT_NAME = "$(TARGET_NAME)";
				SWIFT_EMIT_LOC_STRINGS = NO;
				SWIFT_VERSION = 5.0;
				TEST_HOST = "$(BUILT_PRODUCTS_DIR)/Orion-Demo.app/$(BUNDLE_EXECUTABLE_FOLDER_PATH)/Orion-Demo";
			};
			name = Debug;
		};
		9CB74A302CC525EE0014F958 /* Release */ = {
			isa = XCBuildConfiguration;
			buildSettings = {
				BUNDLE_LOADER = "$(TEST_HOST)";
				CODE_SIGN_STYLE = Automatic;
				CURRENT_PROJECT_VERSION = 1;
				DEAD_CODE_STRIPPING = YES;
				DEVELOPMENT_TEAM = Z5MKQX2NCZ;
				GENERATE_INFOPLIST_FILE = YES;
				MACOSX_DEPLOYMENT_TARGET = 15.0;
				MARKETING_VERSION = 1.0;
				PRODUCT_BUNDLE_IDENTIFIER = "io.unobserved.Orion-DemoTests";
				PRODUCT_NAME = "$(TARGET_NAME)";
				SWIFT_EMIT_LOC_STRINGS = NO;
				SWIFT_VERSION = 5.0;
				TEST_HOST = "$(BUILT_PRODUCTS_DIR)/Orion-Demo.app/$(BUNDLE_EXECUTABLE_FOLDER_PATH)/Orion-Demo";
			};
			name = Release;
		};
		9CB74A322CC525EE0014F958 /* Debug */ = {
			isa = XCBuildConfiguration;
			buildSettings = {
				CODE_SIGN_STYLE = Automatic;
				CURRENT_PROJECT_VERSION = 1;
				DEAD_CODE_STRIPPING = YES;
				DEVELOPMENT_TEAM = Z5MKQX2NCZ;
				GENERATE_INFOPLIST_FILE = YES;
				MARKETING_VERSION = 1.0;
				PRODUCT_BUNDLE_IDENTIFIER = "io.unobserved.Orion-DemoUITests";
				PRODUCT_NAME = "$(TARGET_NAME)";
				SWIFT_EMIT_LOC_STRINGS = NO;
				SWIFT_VERSION = 5.0;
				TEST_TARGET_NAME = "Orion-Demo";
			};
			name = Debug;
		};
		9CB74A332CC525EE0014F958 /* Release */ = {
			isa = XCBuildConfiguration;
			buildSettings = {
				CODE_SIGN_STYLE = Automatic;
				CURRENT_PROJECT_VERSION = 1;
				DEAD_CODE_STRIPPING = YES;
				DEVELOPMENT_TEAM = Z5MKQX2NCZ;
				GENERATE_INFOPLIST_FILE = YES;
				MARKETING_VERSION = 1.0;
				PRODUCT_BUNDLE_IDENTIFIER = "io.unobserved.Orion-DemoUITests";
				PRODUCT_NAME = "$(TARGET_NAME)";
				SWIFT_EMIT_LOC_STRINGS = NO;
				SWIFT_VERSION = 5.0;
				TEST_TARGET_NAME = "Orion-Demo";
			};
			name = Release;
		};
/* End XCBuildConfiguration section */

/* Begin XCConfigurationList section */
		9CB74A012CC525ED0014F958 /* Build configuration list for PBXProject "Orion-Demo" */ = {
			isa = XCConfigurationList;
			buildConfigurations = (
				9CB74A292CC525EE0014F958 /* Debug */,
				9CB74A2A2CC525EE0014F958 /* Release */,
			);
			defaultConfigurationIsVisible = 0;
			defaultConfigurationName = Release;
		};
		9CB74A2B2CC525EE0014F958 /* Build configuration list for PBXNativeTarget "Orion-Demo" */ = {
			isa = XCConfigurationList;
			buildConfigurations = (
				9CB74A2C2CC525EE0014F958 /* Debug */,
				9CB74A2D2CC525EE0014F958 /* Release */,
			);
			defaultConfigurationIsVisible = 0;
			defaultConfigurationName = Release;
		};
		9CB74A2E2CC525EE0014F958 /* Build configuration list for PBXNativeTarget "Orion-DemoTests" */ = {
			isa = XCConfigurationList;
			buildConfigurations = (
				9CB74A2F2CC525EE0014F958 /* Debug */,
				9CB74A302CC525EE0014F958 /* Release */,
			);
			defaultConfigurationIsVisible = 0;
			defaultConfigurationName = Release;
		};
		9CB74A312CC525EE0014F958 /* Build configuration list for PBXNativeTarget "Orion-DemoUITests" */ = {
			isa = XCConfigurationList;
			buildConfigurations = (
				9CB74A322CC525EE0014F958 /* Debug */,
				9CB74A332CC525EE0014F958 /* Release */,
			);
			defaultConfigurationIsVisible = 0;
			defaultConfigurationName = Release;
		};
/* End XCConfigurationList section */
	};
	rootObject = 9CB749FE2CC525ED0014F958 /* Project object */;
}
